
Microsoft Visual Studio Solution File, Format Version 12.00
# Visual Studio Version 17
VisualStudioVersion = 17.0.31903.59
MinimumVisualStudioVersion = 10.0.40219.1
Project("{2150E333-8FDC-42A3-9474-1A3956D46DE8}") = "src", "src", "{827E0CD3-B72D-47B6-A68D-7590B98EB39B}"
EndProject
Project("{FAE04EC0-301F-11D3-BF4B-00C04F79EFBC}") = "AdminShell.Contracts", "src\AdminShell.Contracts\AdminShell.Contracts.csproj", "{FD27155C-5BF1-4AB1-982D-94D251113FD4}"
EndProject
Project("{FAE04EC0-301F-11D3-BF4B-00C04F79EFBC}") = "AdminShell.Core", "src\AdminShell.Core\AdminShell.Core.csproj", "{54E771B0-6A73-4724-9446-FF8142DE62BA}"
EndProject
Project("{FAE04EC0-301F-11D3-BF4B-00C04F79EFBC}") = "AdminShell.Infrastructure", "src\AdminShell.Infrastructure\AdminShell.Infrastructure.csproj", "{F650C611-1A63-44BE-B8AF-CD04A75A1FD4}"
EndProject
Project("{FAE04EC0-301F-11D3-BF4B-00C04F79EFBC}") = "AdminShell.Host", "src\AdminShell.Host\AdminShell.Host.csproj", "{ADD7FFA1-3047-43BE-9DAE-F21FA9706E88}"
EndProject
Project("{2150E333-8FDC-42A3-9474-1A3956D46DE8}") = "tests", "tests", "{0AB3BF05-4346-4AA6-1389-037BE0695223}"
EndProject
Project("{FAE04EC0-301F-11D3-BF4B-00C04F79EFBC}") = "AdminShell.PluginLoader.Tests", "tests\AdminShell.PluginLoader.Tests\AdminShell.PluginLoader.Tests.csproj", "{1B188B71-7666-4AB6-AFA2-4115E5A604CE}"
EndProject
Project("{FAE04EC0-301F-11D3-BF4B-00C04F79EFBC}") = "AdminShell.Repository.Tests", "tests\AdminShell.Repository.Tests\AdminShell.Repository.Tests.csproj", "{405D9C6C-0BB3-408F-9AEC-14232C58F917}"
EndProject
Global
	GlobalSection(SolutionConfigurationPlatforms) = preSolution
		Debug|Any CPU = Debug|Any CPU
		Debug|x64 = Debug|x64
		Debug|x86 = Debug|x86
		Release|Any CPU = Release|Any CPU
		Release|x64 = Release|x64
		Release|x86 = Release|x86
	EndGlobalSection
	GlobalSection(ProjectConfigurationPlatforms) = postSolution
		{FD27155C-5BF1-4AB1-982D-94D251113FD4}.Debug|Any CPU.ActiveCfg = Debug|Any CPU
		{FD27155C-5BF1-4AB1-982D-94D251113FD4}.Debug|Any CPU.Build.0 = Debug|Any CPU
		{FD27155C-5BF1-4AB1-982D-94D251113FD4}.Debug|x64.ActiveCfg = Debug|Any CPU
		{FD27155C-5BF1-4AB1-982D-94D251113FD4}.Debug|x64.Build.0 = Debug|Any CPU
		{FD27155C-5BF1-4AB1-982D-94D251113FD4}.Debug|x86.ActiveCfg = Debug|Any CPU
		{FD27155C-5BF1-4AB1-982D-94D251113FD4}.Debug|x86.Build.0 = Debug|Any CPU
		{FD27155C-5BF1-4AB1-982D-94D251113FD4}.Release|Any CPU.ActiveCfg = Release|Any CPU
		{FD27155C-5BF1-4AB1-982D-94D251113FD4}.Release|Any CPU.Build.0 = Release|Any CPU
		{FD27155C-5BF1-4AB1-982D-94D251113FD4}.Release|x64.ActiveCfg = Release|Any CPU
		{FD27155C-5BF1-4AB1-982D-94D251113FD4}.Release|x64.Build.0 = Release|Any CPU
		{FD27155C-5BF1-4AB1-982D-94D251113FD4}.Release|x86.ActiveCfg = Release|Any CPU
		{FD27155C-5BF1-4AB1-982D-94D251113FD4}.Release|x86.Build.0 = Release|Any CPU
		{54E771B0-6A73-4724-9446-FF8142DE62BA}.Debug|Any CPU.ActiveCfg = Debug|Any CPU
		{54E771B0-6A73-4724-9446-FF8142DE62BA}.Debug|Any CPU.Build.0 = Debug|Any CPU
		{54E771B0-6A73-4724-9446-FF8142DE62BA}.Debug|x64.ActiveCfg = Debug|Any CPU
		{54E771B0-6A73-4724-9446-FF8142DE62BA}.Debug|x64.Build.0 = Debug|Any CPU
		{54E771B0-6A73-4724-9446-FF8142DE62BA}.Debug|x86.ActiveCfg = Debug|Any CPU
		{54E771B0-6A73-4724-9446-FF8142DE62BA}.Debug|x86.Build.0 = Debug|Any CPU
		{54E771B0-6A73-4724-9446-FF8142DE62BA}.Release|Any CPU.ActiveCfg = Release|Any CPU
		{54E771B0-6A73-4724-9446-FF8142DE62BA}.Release|Any CPU.Build.0 = Release|Any CPU
		{54E771B0-6A73-4724-9446-FF8142DE62BA}.Release|x64.ActiveCfg = Release|Any CPU
		{54E771B0-6A73-4724-9446-FF8142DE62BA}.Release|x64.Build.0 = Release|Any CPU
		{54E771B0-6A73-4724-9446-FF8142DE62BA}.Release|x86.ActiveCfg = Release|Any CPU
		{54E771B0-6A73-4724-9446-FF8142DE62BA}.Release|x86.Build.0 = Release|Any CPU
		{F650C611-1A63-44BE-B8AF-CD04A75A1FD4}.Debug|Any CPU.ActiveCfg = Debug|Any CPU
		{F650C611-1A63-44BE-B8AF-CD04A75A1FD4}.Debug|Any CPU.Build.0 = Debug|Any CPU
		{F650C611-1A63-44BE-B8AF-CD04A75A1FD4}.Debug|x64.ActiveCfg = Debug|Any CPU
		{F650C611-1A63-44BE-B8AF-CD04A75A1FD4}.Debug|x64.Build.0 = Debug|Any CPU
		{F650C611-1A63-44BE-B8AF-CD04A75A1FD4}.Debug|x86.ActiveCfg = Debug|Any CPU
		{F650C611-1A63-44BE-B8AF-CD04A75A1FD4}.Debug|x86.Build.0 = Debug|Any CPU
		{F650C611-1A63-44BE-B8AF-CD04A75A1FD4}.Release|Any CPU.ActiveCfg = Release|Any CPU
		{F650C611-1A63-44BE-B8AF-CD04A75A1FD4}.Release|Any CPU.Build.0 = Release|Any CPU
		{F650C611-1A63-44BE-B8AF-CD04A75A1FD4}.Release|x64.ActiveCfg = Release|Any CPU
		{F650C611-1A63-44BE-B8AF-CD04A75A1FD4}.Release|x64.Build.0 = Release|Any CPU
		{F650C611-1A63-44BE-B8AF-CD04A75A1FD4}.Release|x86.ActiveCfg = Release|Any CPU
		{F650C611-1A63-44BE-B8AF-CD04A75A1FD4}.Release|x86.Build.0 = Release|Any CPU
		{ADD7FFA1-3047-43BE-9DAE-F21FA9706E88}.Debug|Any CPU.ActiveCfg = Debug|Any CPU
		{ADD7FFA1-3047-43BE-9DAE-F21FA9706E88}.Debug|Any CPU.Build.0 = Debug|Any CPU
		{ADD7FFA1-3047-43BE-9DAE-F21FA9706E88}.Debug|x64.ActiveCfg = Debug|Any CPU
		{ADD7FFA1-3047-43BE-9DAE-F21FA9706E88}.Debug|x64.Build.0 = Debug|Any CPU
		{ADD7FFA1-3047-43BE-9DAE-F21FA9706E88}.Debug|x86.ActiveCfg = Debug|Any CPU
		{ADD7FFA1-3047-43BE-9DAE-F21FA9706E88}.Debug|x86.Build.0 = Debug|Any CPU
		{ADD7FFA1-3047-43BE-9DAE-F21FA9706E88}.Release|Any CPU.ActiveCfg = Release|Any CPU
		{ADD7FFA1-3047-43BE-9DAE-F21FA9706E88}.Release|Any CPU.Build.0 = Release|Any CPU
		{ADD7FFA1-3047-43BE-9DAE-F21FA9706E88}.Release|x64.ActiveCfg = Release|Any CPU
		{ADD7FFA1-3047-43BE-9DAE-F21FA9706E88}.Release|x64.Build.0 = Release|Any CPU
		{ADD7FFA1-3047-43BE-9DAE-F21FA9706E88}.Release|x86.ActiveCfg = Release|Any CPU
		{ADD7FFA1-3047-43BE-9DAE-F21FA9706E88}.Release|x86.Build.0 = Release|Any CPU
		{1B188B71-7666-4AB6-AFA2-4115E5A604CE}.Debug|Any CPU.ActiveCfg = Debug|Any CPU
		{1B188B71-7666-4AB6-AFA2-4115E5A604CE}.Debug|Any CPU.Build.0 = Debug|Any CPU
		{1B188B71-7666-4AB6-AFA2-4115E5A604CE}.Debug|x64.ActiveCfg = Debug|Any CPU
		{1B188B71-7666-4AB6-AFA2-4115E5A604CE}.Debug|x64.Build.0 = Debug|Any CPU
		{1B188B71-7666-4AB6-AFA2-4115E5A604CE}.Debug|x86.ActiveCfg = Debug|Any CPU
		{1B188B71-7666-4AB6-AFA2-4115E5A604CE}.Debug|x86.Build.0 = Debug|Any CPU
		{1B188B71-7666-4AB6-AFA2-4115E5A604CE}.Release|Any CPU.ActiveCfg = Release|Any CPU
		{1B188B71-7666-4AB6-AFA2-4115E5A604CE}.Release|Any CPU.Build.0 = Release|Any CPU
		{1B188B71-7666-4AB6-AFA2-4115E5A604CE}.Release|x64.ActiveCfg = Release|Any CPU
		{1B188B71-7666-4AB6-AFA2-4115E5A604CE}.Release|x64.Build.0 = Release|Any CPU
		{1B188B71-7666-4AB6-AFA2-4115E5A604CE}.Release|x86.ActiveCfg = Release|Any CPU
		{1B188B71-7666-4AB6-AFA2-4115E5A604CE}.Release|x86.Build.0 = Release|Any CPU
		{405D9C6C-0BB3-408F-9AEC-14232C58F917}.Debug|Any CPU.ActiveCfg = Debug|Any CPU
		{405D9C6C-0BB3-408F-9AEC-14232C58F917}.Debug|Any CPU.Build.0 = Debug|Any CPU
		{405D9C6C-0BB3-408F-9AEC-14232C58F917}.Debug|x64.ActiveCfg = Debug|Any CPU
		{405D9C6C-0BB3-408F-9AEC-14232C58F917}.Debug|x64.Build.0 = Debug|Any CPU
		{405D9C6C-0BB3-408F-9AEC-14232C58F917}.Debug|x86.ActiveCfg = Debug|Any CPU
		{405D9C6C-0BB3-408F-9AEC-14232C58F917}.Debug|x86.Build.0 = Debug|Any CPU
		{405D9C6C-0BB3-408F-9AEC-14232C58F917}.Release|Any CPU.ActiveCfg = Release|Any CPU
		{405D9C6C-0BB3-408F-9AEC-14232C58F917}.Release|Any CPU.Build.0 = Release|Any CPU
		{405D9C6C-0BB3-408F-9AEC-14232C58F917}.Release|x64.ActiveCfg = Release|Any CPU
		{405D9C6C-0BB3-408F-9AEC-14232C58F917}.Release|x64.Build.0 = Release|Any CPU
		{405D9C6C-0BB3-408F-9AEC-14232C58F917}.Release|x86.ActiveCfg = Release|Any CPU
		{405D9C6C-0BB3-408F-9AEC-14232C58F917}.Release|x86.Build.0 = Release|Any CPU
	EndGlobalSection
	GlobalSection(SolutionProperties) = preSolution
		HideSolutionNode = FALSE
	EndGlobalSection
	GlobalSection(NestedProjects) = preSolution
		{FD27155C-5BF1-4AB1-982D-94D251113FD4} = {827E0CD3-B72D-47B6-A68D-7590B98EB39B}
		{54E771B0-6A73-4724-9446-FF8142DE62BA} = {827E0CD3-B72D-47B6-A68D-7590B98EB39B}
		{F650C611-1A63-44BE-B8AF-CD04A75A1FD4} = {827E0CD3-B72D-47B6-A68D-7590B98EB39B}
		{ADD7FFA1-3047-43BE-9DAE-F21FA9706E88} = {827E0CD3-B72D-47B6-A68D-7590B98EB39B}
		{1B188B71-7666-4AB6-AFA2-4115E5A604CE} = {0AB3BF05-4346-4AA6-1389-037BE0695223}
		{405D9C6C-0BB3-408F-9AEC-14232C58F917} = {0AB3BF05-4346-4AA6-1389-037BE0695223}
	EndGlobalSection
EndGlobal
